
// !$*UTF8*$!
{
    archiveVersion = 1;
    classes = {};
    objectVersion = 56;
    objects = {

        /* Begin PBXBuildFile section */
        1D6058900D05DD3D006BFB55 /* AppDelegate.swift */ = {
            isa = PBXBuildFile;
            fileRef = 1D6058900D05DD3D006BFB56 /* AppDelegate.swift */;
        };
        1D6058900D05DD3D006BFB63 /* ViewController.swift */ = {
            isa = PBXBuildFile;
            fileRef = 1D6058900D05DD3D006BFB64 /* ViewController.swift */;
        };
        1D6058900D05DD3D006BFB65 /* Main.storyboard */ = {
            isa = PBXBuildFile;
            fileRef = 1D6058900D05DD3D006BFB66 /* Main.storyboard */;
        };
        /* End PBXBuildFile section */

        /* Begin PBXFileReference section */
        1D6058900D05DD3D006BFB56 /* AppDelegate.swift */ = {
            isa = PBXFileReference;
            lastKnownFileType = sourcecode.swift;
            path = AppDelegate.swift;
            sourceTree = "<group>";
        };
        1D6058900D05DD3D006BFB64 /* ViewController.swift */ = {
            isa = PBXFileReference;
            lastKnownFileType = sourcecode.swift;
            path = ViewController.swift;
            sourceTree = "<group>";
        };
        1D6058900D05DD3D006BFB66 /* Main.storyboard */ = {
            isa = PBXFileReference;
            lastKnownFileType = file.storyboard;
            path = Main.storyboard;
            sourceTree = "<group>";
        };
        1D6058900D05DD3D006BFB67 /* Info.plist */ = {
            isa = PBXFileReference;
            lastKnownFileType = text.plist.xml;
            path = Info.plist;
            sourceTree = "<group>";
        };
        /* End PBXFileReference section */

        /* Begin PBXGroup section */
        1D6058900D05DD3D006BFB57 /* MainGroup */ = {
            isa = PBXGroup;
            children = (
                1D6058900D05DD3D006BFB56 /* AppDelegate.swift */,
                1D6058900D05DD3D006BFB64 /* ViewController.swift */,
                1D6058900D05DD3D006BFB66 /* Main.storyboard */,
                1D6058900D05DD3D006BFB67 /* Info.plist */,
            );
            sourceTree = "<group>";
        };
        /* End PBXGroup section */

        /* Begin PBXNativeTarget section */
        1D6058900D05DD3D006BFB58 /* ShakeFlashlightWidgetApp */ = {
            isa = PBXNativeTarget;
            buildConfigurationList = 1D6058900D05DD3D006BFB59 /* Build configuration list for PBXNativeTarget */;
            buildPhases = (
                1D6058900D05DD3D006BFB60 /* Sources */,
                1D6058900D05DD3D006BFB61 /* Frameworks */,
                1D6058900D05DD3D006BFB62 /* Resources */,
            );
            name = ShakeFlashlightWidgetApp;
            productName = ShakeFlashlightWidgetApp;
            productType = "com.apple.product-type.application";
        };
        /* End PBXNativeTarget section */

        /* Begin PBXProject section */
        1D6058900D05DD3D006BFB54 /* Project object */ = {
            isa = PBXProject;
            attributes = {
                LastUpgradeCheck = 1500;
            };
            buildConfigurationList = 1D6058900D05DD3D006BFB59 /* Build configuration list for PBXProject */;
            compatibilityVersion = "Xcode 15.0";
            developmentRegion = en;
            knownRegions = (
                en,
            );
            mainGroup = 1D6058900D05DD3D006BFB57;
            targets = (
                1D6058900D05DD3D006BFB58 /* ShakeFlashlightWidgetApp */,
            );
        };
        /* End PBXProject section */

        /* Begin PBXSourcesBuildPhase section */
        1D6058900D05DD3D006BFB60 /* Sources */ = {
            isa = PBXSourcesBuildPhase;
            buildActionMask = 2147483647;
            files = (
                1D6058900D05DD3D006BFB55 /* AppDelegate.swift */,
                1D6058900D05DD3D006BFB63 /* ViewController.swift */,
            );
            runOnlyForDeploymentPostprocessing = 0;
        };
        /* End PBXSourcesBuildPhase section */

        /* Begin PBXFrameworksBuildPhase section */
        1D6058900D05DD3D006BFB61 /* Frameworks */ = {
            isa = PBXFrameworksBuildPhase;
            buildActionMask = 2147483647;
            files = ();
            runOnlyForDeploymentPostprocessing = 0;
        };
        /* End PBXFrameworksBuildPhase section */

        /* Begin PBXResourcesBuildPhase section */
        1D6058900D05DD3D006BFB62 /* Resources */ = {
            isa = PBXResourcesBuildPhase;
            buildActionMask = 2147483647;
            files = (
                1D6058900D05DD3D006BFB65 /* Main.storyboard */,
            );
            runOnlyForDeploymentPostprocessing = 0;
        };
        /* End PBXResourcesBuildPhase section */

        /* Begin XCConfigurationList section */
        1D6058900D05DD3D006BFB59 /* Build configuration list for PBXProject */ = {
            isa = XCConfigurationList;
            buildConfigurations = (
                1D6058900D05DD3D006BFB5B /* Debug */,
                1D6058900D05DD3D006BFB5C /* Release */,
            );
            defaultConfigurationIsVisible = 0;
            defaultConfigurationName = Debug;
        };
        /* End XCConfigurationList section */

        /* Begin XCBuildConfiguration section */
        1D6058900D05DD3D006BFB5B /* Debug */ = {
            isa = XCBuildConfiguration;
            buildSettings = {
                PRODUCT_BUNDLE_IDENTIFIER = "com.example.shakeflashlight";
                INFOPLIST_FILE = Info.plist;
                PRODUCT_NAME = "$(TARGET_NAME)";
                SDKROOT = iphoneos;
                IPHONEOS_DEPLOYMENT_TARGET = 15.0;
                SWIFT_VERSION = 5.0;
            };
            name = Debug;
        };
        1D6058900D05DD3D006BFB5C /* Release */ = {
            isa = XCBuildConfiguration;
            buildSettings = {
                PRODUCT_BUNDLE_IDENTIFIER = "com.example.shakeflashlight";
                INFOPLIST_FILE = Info.plist;
                PRODUCT_NAME = "$(TARGET_NAME)";
                SDKROOT = iphoneos;
                IPHONEOS_DEPLOYMENT_TARGET = 15.0;
                SWIFT_VERSION = 5.0;
            };
            name = Release;
        };
        /* End XCBuildConfiguration section */

    };

    rootObject = 1D6058900D05DD3D006BFB54 /* Project object */;
}
